
Microsoft Visual Studio Solution File, Format Version 12.00
# Visual Studio 15
VisualStudioVersion = 15.0.27703.2000
MinimumVisualStudioVersion = 10.0.40219.1
Project("{FAE04EC0-301F-11D3-BF4B-00C04F79EFBC}") = "DemoApp.Android", "DemoApp\DemoApp.Android\DemoApp.Android.csproj", "{D6B8A57C-EB7A-4775-92FA-1A3A232F6581}"
EndProject
Project("{FAE04EC0-301F-11D3-BF4B-00C04F79EFBC}") = "DemoApp.iOS", "DemoApp\DemoApp.iOS\DemoApp.iOS.csproj", "{DC2C87AB-F834-46CC-8833-818D0DE4014F}"
EndProject
Project("{FAE04EC0-301F-11D3-BF4B-00C04F79EFBC}") = "DemoApp", "DemoApp\DemoApp\DemoApp.csproj", "{C3983A22-8F01-4089-AF40-99DC24507529}"
EndProject
Global
	GlobalSection(SolutionConfigurationPlatforms) = preSolution
		Ad-Hoc|Any CPU = Ad-Hoc|Any CPU
		Ad-Hoc|iPhone = Ad-Hoc|iPhone
		Ad-Hoc|iPhoneSimulator = Ad-Hoc|iPhoneSimulator
		AppStore|Any CPU = AppStore|Any CPU
		AppStore|iPhone = AppStore|iPhone
		AppStore|iPhoneSimulator = AppStore|iPhoneSimulator
		Debug|Any CPU = Debug|Any CPU
		Debug|iPhone = Debug|iPhone
		Debug|iPhoneSimulator = Debug|iPhoneSimulator
		Release|Any CPU = Release|Any CPU
		Release|iPhone = Release|iPhone
		Release|iPhoneSimulator = Release|iPhoneSimulator
	EndGlobalSection
	GlobalSection(ProjectConfigurationPlatforms) = postSolution
		{D6B8A57C-EB7A-4775-92FA-1A3A232F6581}.Ad-Hoc|Any CPU.ActiveCfg = Release|Any CPU
		{D6B8A57C-EB7A-4775-92FA-1A3A232F6581}.Ad-Hoc|Any CPU.Build.0 = Release|Any CPU
		{D6B8A57C-EB7A-4775-92FA-1A3A232F6581}.Ad-Hoc|Any CPU.Deploy.0 = Release|Any CPU
		{D6B8A57C-EB7A-4775-92FA-1A3A232F6581}.Ad-Hoc|iPhone.ActiveCfg = Release|Any CPU
		{D6B8A57C-EB7A-4775-92FA-1A3A232F6581}.Ad-Hoc|iPhone.Build.0 = Release|Any CPU
		{D6B8A57C-EB7A-4775-92FA-1A3A232F6581}.Ad-Hoc|iPhone.Deploy.0 = Release|Any CPU
		{D6B8A57C-EB7A-4775-92FA-1A3A232F6581}.Ad-Hoc|iPhoneSimulator.ActiveCfg = Release|Any CPU
		{D6B8A57C-EB7A-4775-92FA-1A3A232F6581}.Ad-Hoc|iPhoneSimulator.Build.0 = Release|Any CPU
		{D6B8A57C-EB7A-4775-92FA-1A3A232F6581}.Ad-Hoc|iPhoneSimulator.Deploy.0 = Release|Any CPU
		{D6B8A57C-EB7A-4775-92FA-1A3A232F6581}.AppStore|Any CPU.ActiveCfg = Release|Any CPU
		{D6B8A57C-EB7A-4775-92FA-1A3A232F6581}.AppStore|Any CPU.Build.0 = Release|Any CPU
		{D6B8A57C-EB7A-4775-92FA-1A3A232F6581}.AppStore|Any CPU.Deploy.0 = Release|Any CPU
		{D6B8A57C-EB7A-4775-92FA-1A3A232F6581}.AppStore|iPhone.ActiveCfg = Release|Any CPU
		{D6B8A57C-EB7A-4775-92FA-1A3A232F6581}.AppStore|iPhone.Build.0 = Release|Any CPU
		{D6B8A57C-EB7A-4775-92FA-1A3A232F6581}.AppStore|iPhone.Deploy.0 = Release|Any CPU
		{D6B8A57C-EB7A-4775-92FA-1A3A232F6581}.AppStore|iPhoneSimulator.ActiveCfg = Release|Any CPU
		{D6B8A57C-EB7A-4775-92FA-1A3A232F6581}.AppStore|iPhoneSimulator.Build.0 = Release|Any CPU
		{D6B8A57C-EB7A-4775-92FA-1A3A232F6581}.AppStore|iPhoneSimulator.Deploy.0 = Release|Any CPU
		{D6B8A57C-EB7A-4775-92FA-1A3A232F6581}.Debug|Any CPU.ActiveCfg = Debug|Any CPU
		{D6B8A57C-EB7A-4775-92FA-1A3A232F6581}.Debug|Any CPU.Build.0 = Debug|Any CPU
		{D6B8A57C-EB7A-4775-92FA-1A3A232F6581}.Debug|Any CPU.Deploy.0 = Debug|Any CPU
		{D6B8A57C-EB7A-4775-92FA-1A3A232F6581}.Debug|iPhone.ActiveCfg = Debug|Any CPU
		{D6B8A57C-EB7A-4775-92FA-1A3A232F6581}.Debug|iPhone.Build.0 = Debug|Any CPU
		{D6B8A57C-EB7A-4775-92FA-1A3A232F6581}.Debug|iPhone.Deploy.0 = Debug|Any CPU
		{D6B8A57C-EB7A-4775-92FA-1A3A232F6581}.Debug|iPhoneSimulator.ActiveCfg = Debug|Any CPU
		{D6B8A57C-EB7A-4775-92FA-1A3A232F6581}.Debug|iPhoneSimulator.Build.0 = Debug|Any CPU
		{D6B8A57C-EB7A-4775-92FA-1A3A232F6581}.Debug|iPhoneSimulator.Deploy.0 = Debug|Any CPU
		{D6B8A57C-EB7A-4775-92FA-1A3A232F6581}.Release|Any CPU.ActiveCfg = Release|Any CPU
		{D6B8A57C-EB7A-4775-92FA-1A3A232F6581}.Release|Any CPU.Build.0 = Release|Any CPU
		{D6B8A57C-EB7A-4775-92FA-1A3A232F6581}.Release|Any CPU.Deploy.0 = Release|Any CPU
		{D6B8A57C-EB7A-4775-92FA-1A3A232F6581}.Release|iPhone.ActiveCfg = Release|Any CPU
		{D6B8A57C-EB7A-4775-92FA-1A3A232F6581}.Release|iPhone.Build.0 = Release|Any CPU
		{D6B8A57C-EB7A-4775-92FA-1A3A232F6581}.Release|iPhone.Deploy.0 = Release|Any CPU
		{D6B8A57C-EB7A-4775-92FA-1A3A232F6581}.Release|iPhoneSimulator.ActiveCfg = Release|Any CPU
		{D6B8A57C-EB7A-4775-92FA-1A3A232F6581}.Release|iPhoneSimulator.Build.0 = Release|Any CPU
		{D6B8A57C-EB7A-4775-92FA-1A3A232F6581}.Release|iPhoneSimulator.Deploy.0 = Release|Any CPU
		{DC2C87AB-F834-46CC-8833-818D0DE4014F}.Ad-Hoc|Any CPU.ActiveCfg = Ad-Hoc|iPhone
		{DC2C87AB-F834-46CC-8833-818D0DE4014F}.Ad-Hoc|Any CPU.Build.0 = Ad-Hoc|iPhone
		{DC2C87AB-F834-46CC-8833-818D0DE4014F}.Ad-Hoc|Any CPU.Deploy.0 = Ad-Hoc|iPhone
		{DC2C87AB-F834-46CC-8833-818D0DE4014F}.Ad-Hoc|iPhone.ActiveCfg = Ad-Hoc|iPhone
		{DC2C87AB-F834-46CC-8833-818D0DE4014F}.Ad-Hoc|iPhone.Build.0 = Ad-Hoc|iPhone
		{DC2C87AB-F834-46CC-8833-818D0DE4014F}.Ad-Hoc|iPhone.Deploy.0 = Ad-Hoc|iPhone
		{DC2C87AB-F834-46CC-8833-818D0DE4014F}.Ad-Hoc|iPhoneSimulator.ActiveCfg = Ad-Hoc|iPhoneSimulator
		{DC2C87AB-F834-46CC-8833-818D0DE4014F}.Ad-Hoc|iPhoneSimulator.Build.0 = Ad-Hoc|iPhoneSimulator
		{DC2C87AB-F834-46CC-8833-818D0DE4014F}.Ad-Hoc|iPhoneSimulator.Deploy.0 = Ad-Hoc|iPhoneSimulator
		{DC2C87AB-F834-46CC-8833-818D0DE4014F}.AppStore|Any CPU.ActiveCfg = AppStore|iPhone
		{DC2C87AB-F834-46CC-8833-818D0DE4014F}.AppStore|Any CPU.Build.0 = AppStore|iPhone
		{DC2C87AB-F834-46CC-8833-818D0DE4014F}.AppStore|Any CPU.Deploy.0 = AppStore|iPhone
		{DC2C87AB-F834-46CC-8833-818D0DE4014F}.AppStore|iPhone.ActiveCfg = AppStore|iPhone
		{DC2C87AB-F834-46CC-8833-818D0DE4014F}.AppStore|iPhone.Build.0 = AppStore|iPhone
		{DC2C87AB-F834-46CC-8833-818D0DE4014F}.AppStore|iPhone.Deploy.0 = AppStore|iPhone
		{DC2C87AB-F834-46CC-8833-818D0DE4014F}.AppStore|iPhoneSimulator.ActiveCfg = AppStore|iPhoneSimulator
		{DC2C87AB-F834-46CC-8833-818D0DE4014F}.AppStore|iPhoneSimulator.Build.0 = AppStore|iPhoneSimulator
		{DC2C87AB-F834-46CC-8833-818D0DE4014F}.AppStore|iPhoneSimulator.Deploy.0 = AppStore|iPhoneSimulator
		{DC2C87AB-F834-46CC-8833-818D0DE4014F}.Debug|Any CPU.ActiveCfg = Debug|iPhoneSimulator
		{DC2C87AB-F834-46CC-8833-818D0DE4014F}.Debug|Any CPU.Build.0 = Debug|iPhoneSimulator
		{DC2C87AB-F834-46CC-8833-818D0DE4014F}.Debug|Any CPU.Deploy.0 = Debug|iPhoneSimulator
		{DC2C87AB-F834-46CC-8833-818D0DE4014F}.Debug|iPhone.ActiveCfg = Debug|iPhone
		{DC2C87AB-F834-46CC-8833-818D0DE4014F}.Debug|iPhone.Build.0 = Debug|iPhone
		{DC2C87AB-F834-46CC-8833-818D0DE4014F}.Debug|iPhone.Deploy.0 = Debug|iPhone
		{DC2C87AB-F834-46CC-8833-818D0DE4014F}.Debug|iPhoneSimulator.ActiveCfg = Debug|iPhoneSimulator
		{DC2C87AB-F834-46CC-8833-818D0DE4014F}.Debug|iPhoneSimulator.Build.0 = Debug|iPhoneSimulator
		{DC2C87AB-F834-46CC-8833-818D0DE4014F}.Debug|iPhoneSimulator.Deploy.0 = Debug|iPhoneSimulator
		{DC2C87AB-F834-46CC-8833-818D0DE4014F}.Release|Any CPU.ActiveCfg = Release|iPhone
		{DC2C87AB-F834-46CC-8833-818D0DE4014F}.Release|Any CPU.Build.0 = Release|iPhone
		{DC2C87AB-F834-46CC-8833-818D0DE4014F}.Release|Any CPU.Deploy.0 = Release|iPhone
		{DC2C87AB-F834-46CC-8833-818D0DE4014F}.Release|iPhone.ActiveCfg = Release|iPhone
		{DC2C87AB-F834-46CC-8833-818D0DE4014F}.Release|iPhone.Build.0 = Release|iPhone
		{DC2C87AB-F834-46CC-8833-818D0DE4014F}.Release|iPhone.Deploy.0 = Release|iPhone
		{DC2C87AB-F834-46CC-8833-818D0DE4014F}.Release|iPhoneSimulator.ActiveCfg = Release|iPhoneSimulator
		{DC2C87AB-F834-46CC-8833-818D0DE4014F}.Release|iPhoneSimulator.Build.0 = Release|iPhoneSimulator
		{DC2C87AB-F834-46CC-8833-818D0DE4014F}.Release|iPhoneSimulator.Deploy.0 = Release|iPhoneSimulator
		{C3983A22-8F01-4089-AF40-99DC24507529}.Ad-Hoc|Any CPU.ActiveCfg = Debug|Any CPU
		{C3983A22-8F01-4089-AF40-99DC24507529}.Ad-Hoc|Any CPU.Build.0 = Debug|Any CPU
		{C3983A22-8F01-4089-AF40-99DC24507529}.Ad-Hoc|Any CPU.Deploy.0 = Debug|Any CPU
		{C3983A22-8F01-4089-AF40-99DC24507529}.Ad-Hoc|iPhone.ActiveCfg = Debug|Any CPU
		{C3983A22-8F01-4089-AF40-99DC24507529}.Ad-Hoc|iPhone.Build.0 = Debug|Any CPU
		{C3983A22-8F01-4089-AF40-99DC24507529}.Ad-Hoc|iPhone.Deploy.0 = Debug|Any CPU
		{C3983A22-8F01-4089-AF40-99DC24507529}.Ad-Hoc|iPhoneSimulator.ActiveCfg = Debug|Any CPU
		{C3983A22-8F01-4089-AF40-99DC24507529}.Ad-Hoc|iPhoneSimulator.Build.0 = Debug|Any CPU
		{C3983A22-8F01-4089-AF40-99DC24507529}.Ad-Hoc|iPhoneSimulator.Deploy.0 = Debug|Any CPU
		{C3983A22-8F01-4089-AF40-99DC24507529}.AppStore|Any CPU.ActiveCfg = Debug|Any CPU
		{C3983A22-8F01-4089-AF40-99DC24507529}.AppStore|Any CPU.Build.0 = Debug|Any CPU
		{C3983A22-8F01-4089-AF40-99DC24507529}.AppStore|Any CPU.Deploy.0 = Debug|Any CPU
		{C3983A22-8F01-4089-AF40-99DC24507529}.AppStore|iPhone.ActiveCfg = Debug|Any CPU
		{C3983A22-8F01-4089-AF40-99DC24507529}.AppStore|iPhone.Build.0 = Debug|Any CPU
		{C3983A22-8F01-4089-AF40-99DC24507529}.AppStore|iPhone.Deploy.0 = Debug|Any CPU
		{C3983A22-8F01-4089-AF40-99DC24507529}.AppStore|iPhoneSimulator.ActiveCfg = Debug|Any CPU
		{C3983A22-8F01-4089-AF40-99DC24507529}.AppStore|iPhoneSimulator.Build.0 = Debug|Any CPU
		{C3983A22-8F01-4089-AF40-99DC24507529}.AppStore|iPhoneSimulator.Deploy.0 = Debug|Any CPU
		{C3983A22-8F01-4089-AF40-99DC24507529}.Debug|Any CPU.ActiveCfg = Debug|Any CPU
		{C3983A22-8F01-4089-AF40-99DC24507529}.Debug|Any CPU.Build.0 = Debug|Any CPU
		{C3983A22-8F01-4089-AF40-99DC24507529}.Debug|Any CPU.Deploy.0 = Debug|Any CPU
		{C3983A22-8F01-4089-AF40-99DC24507529}.Debug|iPhone.ActiveCfg = Debug|Any CPU
		{C3983A22-8F01-4089-AF40-99DC24507529}.Debug|iPhone.Build.0 = Debug|Any CPU
		{C3983A22-8F01-4089-AF40-99DC24507529}.Debug|iPhone.Deploy.0 = Debug|Any CPU
		{C3983A22-8F01-4089-AF40-99DC24507529}.Debug|iPhoneSimulator.ActiveCfg = Debug|Any CPU
		{C3983A22-8F01-4089-AF40-99DC24507529}.Debug|iPhoneSimulator.Build.0 = Debug|Any CPU
		{C3983A22-8F01-4089-AF40-99DC24507529}.Debug|iPhoneSimulator.Deploy.0 = Debug|Any CPU
		{C3983A22-8F01-4089-AF40-99DC24507529}.Release|Any CPU.ActiveCfg = Release|Any CPU
		{C3983A22-8F01-4089-AF40-99DC24507529}.Release|Any CPU.Build.0 = Release|Any CPU
		{C3983A22-8F01-4089-AF40-99DC24507529}.Release|Any CPU.Deploy.0 = Release|Any CPU
		{C3983A22-8F01-4089-AF40-99DC24507529}.Release|iPhone.ActiveCfg = Release|Any CPU
		{C3983A22-8F01-4089-AF40-99DC24507529}.Release|iPhone.Build.0 = Release|Any CPU
		{C3983A22-8F01-4089-AF40-99DC24507529}.Release|iPhone.Deploy.0 = Release|Any CPU
		{C3983A22-8F01-4089-AF40-99DC24507529}.Release|iPhoneSimulator.ActiveCfg = Release|Any CPU
		{C3983A22-8F01-4089-AF40-99DC24507529}.Release|iPhoneSimulator.Build.0 = Release|Any CPU
		{C3983A22-8F01-4089-AF40-99DC24507529}.Release|iPhoneSimulator.Deploy.0 = Release|Any CPU
	EndGlobalSection
	GlobalSection(SolutionProperties) = preSolution
		HideSolutionNode = FALSE
	EndGlobalSection
	GlobalSection(ExtensibilityGlobals) = postSolution
		SolutionGuid = {E25650F9-229E-4D16-B0FE-6FA8354D68DF}
	EndGlobalSection
EndGlobal
